Microsoft Visual Studio Solution File, Format Version 12.00
# Visual Studio Version 17
VisualStudioVersion = 17.9.34310.174
MinimumVisualStudioVersion = 10.0.40219.1
Project("{2150E333-8FDC-42A3-9474-1A3956D46DE8}") = "clients", "clients", "{371BB479-AA1C-41CB-BF07-24C363601289}"
EndProject
Project("{2150E333-8FDC-42A3-9474-1A3956D46DE8}") = "docs", "docs", "{7BA7F1B2-19E2-46EB-B000-513EE2F65769}"
	ProjectSection(SolutionItems) = preProject
		docs\404.html = docs\404.html
		docs\concepts.md = docs\concepts.md
		docs\csharp.png = docs\csharp.png
		docs\extensions.md = docs\extensions.md
		docs\FAQ.md = docs\FAQ.md
		docs\favicon.png = docs\favicon.png
		docs\features.md = docs\features.md
		docs\Gemfile = docs\Gemfile
		docs\Gemfile.lock = docs\Gemfile.lock
		docs\how-tos.md = docs\how-tos.md
		docs\index.md = docs\index.md
		docs\java.png = docs\java.png
		docs\logo.png = docs\logo.png
		docs\network.png = docs\network.png
		docs\packages.md = docs\packages.md
		docs\python.png = docs\python.png
		docs\quickstart-dotnet-run.png = docs\quickstart-dotnet-run.png
		docs\quickstart-swagger.png = docs\quickstart-swagger.png
		docs\quickstart.md = docs\quickstart.md
		docs\run.cmd = docs\run.cmd
		docs\security.md = docs\security.md
		docs\serverless.md = docs\serverless.md
		docs\service.md = docs\service.md
		docs\_config.local.yml = docs\_config.local.yml
		docs\_config.yml = docs\_config.yml
	EndProjectSection
EndProject
Project("{2150E333-8FDC-42A3-9474-1A3956D46DE8}") = "examples", "examples", "{0A43C65C-6007-4BB4-B3FE-8D439FC91841}"
	ProjectSection(SolutionItems) = preProject
		examples\README.md = examples\README.md
	EndProjectSection
EndProject
Project("{2150E333-8FDC-42A3-9474-1A3956D46DE8}") = "000-notebooks", "000-notebooks", "{C93FCED9-808A-4B03-9B4C-0DBAE46D5BDD}"
	ProjectSection(SolutionItems) = preProject
		examples\000-notebooks\001-upload-and-ask.ipynb = examples\000-notebooks\001-upload-and-ask.ipynb
		examples\000-notebooks\002-semantic-kernel-plugin.ipynb = examples\000-notebooks\002-semantic-kernel-plugin.ipynb
		examples\000-notebooks\appsettings.json = examples\000-notebooks\appsettings.json
		examples\000-notebooks\NASA-news.pdf = examples\000-notebooks\NASA-news.pdf
		examples\000-notebooks\sample-KM-Readme.pdf = examples\000-notebooks\sample-KM-Readme.pdf
	EndProjectSection
EndProject
Project("{2150E333-8FDC-42A3-9474-1A3956D46DE8}") = "006-curl-calling-webservice", "006-curl-calling-webservice", "{CA1D9162-D4C5-490D-AAD5-7A9A23092C28}"
	ProjectSection(SolutionItems) = preProject
		examples\006-curl-calling-webservice\ask-example.sh = examples\006-curl-calling-webservice\ask-example.sh
		examples\006-curl-calling-webservice\README.md = examples\006-curl-calling-webservice\README.md
		examples\006-curl-calling-webservice\search-example.sh = examples\006-curl-calling-webservice\search-example.sh
		examples\006-curl-calling-webservice\test.pdf = examples\006-curl-calling-webservice\test.pdf
		examples\006-curl-calling-webservice\upload-example.sh = examples\006-curl-calling-webservice\upload-example.sh
	EndProjectSection
EndProject
Project("{2150E333-8FDC-42A3-9474-1A3956D46DE8}") = "200-dotnet-nl2sql", "200-dotnet-nl2sql", "{2C4D5F14-CCFC-4913-B884-B2FF9067BEFF}"
	ProjectSection(SolutionItems) = preProject
		examples\200-dotnet-nl2sql\README.md = examples\200-dotnet-nl2sql\README.md
	EndProjectSection
EndProject
Project("{2150E333-8FDC-42A3-9474-1A3956D46DE8}") = "extensions", "extensions", "{155DA079-E267-49AF-973A-D1D44681970F}"
EndProject
Project("{2150E333-8FDC-42A3-9474-1A3956D46DE8}") = "root", "root", "{6EF76FD8-4C35-4370-8539-5DDF45357A50}"
	ProjectSection(SolutionItems) = preProject
		.dockerignore = .dockerignore
		.editorconfig = .editorconfig
		.gitattributes = .gitattributes
		.gitignore = .gitignore
		CODE_OF_CONDUCT.md = CODE_OF_CONDUCT.md
		COMMUNITY.md = COMMUNITY.md
		CONTRIBUTING.md = CONTRIBUTING.md
		Directory.Build.props = Directory.Build.props
		Directory.Packages.props = Directory.Packages.props
		Dockerfile = Dockerfile
		KernelMemory.sln.DotSettings = KernelMemory.sln.DotSettings
		LICENSE = LICENSE
		nuget.config = nuget.config
		README.md = README.md
		SECURITY.md = SECURITY.md
	EndProjectSection
EndProject
Project("{2150E333-8FDC-42A3-9474-1A3956D46DE8}") = ".github", ".github", "{B8976338-7CDC-47AE-8502-C2FBAFBEBD68}"
	ProjectSection(SolutionItems) = preProject
		.github\dependabot.yml = .github\dependabot.yml
		.github\pull_request_template.md = .github\pull_request_template.md
		.github\_typos.toml = .github\_typos.toml
	EndProjectSection
EndProject
Project("{2150E333-8FDC-42A3-9474-1A3956D46DE8}") = "workflows", "workflows", "{48E79819-1E9E-4075-90DA-BAEC761C89B2}"
	ProjectSection(SolutionItems) = preProject
		.github\workflows\docker-build-push.yml = .github\workflows\docker-build-push.yml
		.github\workflows\dotnet-build.yml = .github\workflows\dotnet-build.yml
		.github\workflows\dotnet-unit-tests.yml = .github\workflows\dotnet-unit-tests.yml
		.github\workflows\github-pages-jekyll.yml = .github\workflows\github-pages-jekyll.yml
		.github\workflows\spell-check-with-typos.yml = .github\workflows\spell-check-with-typos.yml
	EndProjectSection
EndProject
Project("{2150E333-8FDC-42A3-9474-1A3956D46DE8}") = "service", "service", "{87DEAE8D-138C-4FDD-B4C9-11C3A7817E8F}"
EndProject
Project("{9A19103F-16F7-4668-BE54-9A1E7A4F7556}") = "Abstractions", "service\Abstractions\Abstractions.csproj", "{8A9FA587-7EBA-4D43-BE47-38D798B1C74C}"
EndProject
Project("{9A19103F-16F7-4668-BE54-9A1E7A4F7556}") = "Core", "service\Core\Core.csproj", "{27910ADC-5A28-4EB4-A16E-974B91940758}"
EndProject
Project("{9A19103F-16F7-4668-BE54-9A1E7A4F7556}") = "Service", "service\Service\Service.csproj", "{1071A8B6-ED76-4E46-A291-E0563B9C4575}"
EndProject
Project("{9A19103F-16F7-4668-BE54-9A1E7A4F7556}") = "SemanticKernelPlugin", "clients\dotnet\SemanticKernelPlugin\SemanticKernelPlugin.csproj", "{F7609330-E97E-422C-8983-EC501B2DDC52}"
EndProject
Project("{9A19103F-16F7-4668-BE54-9A1E7A4F7556}") = "WebClient", "clients\dotnet\WebClient\WebClient.csproj", "{D04A01C0-EF1B-49B2-B6AB-8AC635566E6A}"
EndProject
Project("{9A19103F-16F7-4668-BE54-9A1E7A4F7556}") = "AzureBlobs", "extensions\AzureBlobs\AzureBlobs.csproj", "{20FFF62D-5BA5-4126-A16C-C14E1FF35A4F}"
EndProject
Project("{9A19103F-16F7-4668-BE54-9A1E7A4F7556}") = "AzureQueues", "extensions\AzureQueues\AzureQueues.csproj", "{40CB6452-68DD-4C78-9852-78281A161950}"
EndProject
Project("{9A19103F-16F7-4668-BE54-9A1E7A4F7556}") = "AzureAIDocIntel", "extensions\AzureAIDocIntel\AzureAIDocIntel.csproj", "{CFE7C192-2561-40CC-8592-136293451EC1}"
EndProject
Project("{9A19103F-16F7-4668-BE54-9A1E7A4F7556}") = "AzureOpenAI", "extensions\AzureOpenAI\AzureOpenAI.csproj", "{93FA6DD6-D0B2-4751-8680-3F959E1F7AF2}"
EndProject
Project("{9A19103F-16F7-4668-BE54-9A1E7A4F7556}") = "AzureAISearch", "extensions\AzureAISearch\AzureAISearch\AzureAISearch.csproj", "{8F2185AB-F87C-4DD0-9DB8-E97920500A37}"
EndProject
Project("{9A19103F-16F7-4668-BE54-9A1E7A4F7556}") = "Postgres", "extensions\Postgres\Postgres\Postgres.csproj", "{6577B501-E295-4DCE-B640-BF40C9881A00}"
EndProject
Project("{9A19103F-16F7-4668-BE54-9A1E7A4F7556}") = "LlamaSharp", "extensions\LlamaSharp\LlamaSharp\LlamaSharp.csproj", "{969625B8-039F-4E5E-A484-6A30DC417FBB}"
EndProject
Project("{9A19103F-16F7-4668-BE54-9A1E7A4F7556}") = "Redis", "extensions\Redis\Redis\Redis.csproj", "{F25BC232-6161-4D45-8AFF-E92A52F0F85A}"
EndProject
Project("{9A19103F-16F7-4668-BE54-9A1E7A4F7556}") = "Qdrant", "extensions\Qdrant\Qdrant\Qdrant.csproj", "{9D078C9B-42A3-4558-898A-2396F59A54D3}"
EndProject
Project("{9A19103F-16F7-4668-BE54-9A1E7A4F7556}") = "RabbitMQ", "extensions\RabbitMQ\RabbitMQ.csproj", "{E3877E49-958E-4DC8-B5E8-834010F5C4B7}"
EndProject
Project("{9A19103F-16F7-4668-BE54-9A1E7A4F7556}") = "OpenAI", "extensions\OpenAI\OpenAI\OpenAI.csproj", "{A6AE31A1-4F60-47B0-8534-7B083D68118C}"
EndProject
Project("{9A19103F-16F7-4668-BE54-9A1E7A4F7556}") = "MongoDbAtlas", "extensions\MongoDbAtlas\MongoDbAtlas\MongoDbAtlas.csproj", "{4A539320-EB49-4688-82E1-4FA0ADBB3810}"
EndProject
Project("{2150E333-8FDC-42A3-9474-1A3956D46DE8}") = "infra", "infra", "{B488168B-AD86-4CC5-9D89-324B6EB743D9}"
	ProjectSection(SolutionItems) = preProject
		infra\build-main.json.sh = infra\build-main.json.sh
		infra\main.bicep = infra\main.bicep
		infra\main.json = infra\main.json
		infra\README.md = infra\README.md
	EndProjectSection
EndProject
Project("{2150E333-8FDC-42A3-9474-1A3956D46DE8}") = "modules", "modules", "{C2D3A947-B6F9-4306-BD42-21D8D1F42750}"
	ProjectSection(SolutionItems) = preProject
		infra\modules\ai-search.bicep = infra\modules\ai-search.bicep
		infra\modules\cognitive-services.bicep = infra\modules\cognitive-services.bicep
		infra\modules\container-app.bicep = infra\modules\container-app.bicep
		infra\modules\container-apps-environment.bicep = infra\modules\container-apps-environment.bicep
		infra\modules\managed-identity.bicep = infra\modules\managed-identity.bicep
		infra\modules\storage.bicep = infra\modules\storage.bicep
	EndProjectSection
EndProject
Project("{9A19103F-16F7-4668-BE54-9A1E7A4F7556}") = "Service.AspNetCore", "service\Service.AspNetCore\Service.AspNetCore.csproj", "{A46B0BE1-03F2-4520-A3DA-FD845BA1FD69}"
EndProject
Project("{9A19103F-16F7-4668-BE54-9A1E7A4F7556}") = "SQLServer", "extensions\SQLServer\SQLServer\SQLServer.csproj", "{B9BE1099-F78F-4A5F-A897-BF2C75E19C57}"
EndProject
Project("{9A19103F-16F7-4668-BE54-9A1E7A4F7556}") = "Elasticsearch", "extensions\Elasticsearch\Elasticsearch\Elasticsearch.csproj", "{2E10420F-BF96-411C-8FE0-F6268F2EEB67}"
EndProject
Project("{9A19103F-16F7-4668-BE54-9A1E7A4F7556}") = "Discord", "extensions\Discord\Discord\Discord.csproj", "{43877864-6AE8-4B03-BEDA-6B6FA8BB1D8B}"
EndProject
Project("{2150E333-8FDC-42A3-9474-1A3956D46DE8}") = "applications", "applications", "{DBEA0A6B-474A-4E8C-BCC8-D5D43C063A54}"
EndProject
Project("{9A19103F-16F7-4668-BE54-9A1E7A4F7556}") = "Anthropic", "extensions\Anthropic\Anthropic.csproj", "{A0C81A29-715F-463E-A243-7E45DB8AE53F}"
EndProject
Project("{9A19103F-16F7-4668-BE54-9A1E7A4F7556}") = "S3", "extensions\AWS\S3\S3.csproj", "{5A14582B-C6D0-459E-BBB8-EA46CE8DC52E}"
EndProject
Project("{2150E333-8FDC-42A3-9474-1A3956D46DE8}") = "pipelines", "pipelines", "{7F82011B-17A4-4853-8836-89CD5B2654AC}"
	ProjectSection(SolutionItems) = preProject
		pipelines\km_build.yaml = pipelines\km_build.yaml
	EndProjectSection
EndProject
Project("{9A19103F-16F7-4668-BE54-9A1E7A4F7556}") = "InteractiveSetup", "tools\InteractiveSetup\InteractiveSetup.csproj", "{6547D51D-FD65-48C1-A923-FD638A1E66DB}"
EndProject
Project("{FAE04EC0-301F-11D3-BF4B-00C04F79EFBC}") = "Service.AspNetCore.Tests", "Service.AspNetCore.Tests\Service.AspNetCore.Tests.csproj", "{4C600DB1-BA85-4FF9-8F03-128444636631}"
EndProject
Global
	GlobalSection(SolutionConfigurationPlatforms) = preSolution
		Debug|Any CPU = Debug|Any CPU
		Release|Any CPU = Release|Any CPU
	EndGlobalSection
	GlobalSection(ProjectConfigurationPlatforms) = postSolution
		{8A9FA587-7EBA-4D43-BE47-38D798B1C74C}.Debug|Any CPU.ActiveCfg = Debug|Any CPU
		{8A9FA587-7EBA-4D43-BE47-38D798B1C74C}.Debug|Any CPU.Build.0 = Debug|Any CPU
		{8A9FA587-7EBA-4D43-BE47-38D798B1C74C}.Release|Any CPU.ActiveCfg = Release|Any CPU
		{8A9FA587-7EBA-4D43-BE47-38D798B1C74C}.Release|Any CPU.Build.0 = Release|Any CPU
		{27910ADC-5A28-4EB4-A16E-974B91940758}.Debug|Any CPU.ActiveCfg = Debug|Any CPU
		{27910ADC-5A28-4EB4-A16E-974B91940758}.Debug|Any CPU.Build.0 = Debug|Any CPU
		{27910ADC-5A28-4EB4-A16E-974B91940758}.Release|Any CPU.ActiveCfg = Release|Any CPU
		{27910ADC-5A28-4EB4-A16E-974B91940758}.Release|Any CPU.Build.0 = Release|Any CPU
		{1071A8B6-ED76-4E46-A291-E0563B9C4575}.Debug|Any CPU.ActiveCfg = Debug|Any CPU
		{1071A8B6-ED76-4E46-A291-E0563B9C4575}.Debug|Any CPU.Build.0 = Debug|Any CPU
		{1071A8B6-ED76-4E46-A291-E0563B9C4575}.Release|Any CPU.ActiveCfg = Release|Any CPU
		{1071A8B6-ED76-4E46-A291-E0563B9C4575}.Release|Any CPU.Build.0 = Release|Any CPU
		{F7609330-E97E-422C-8983-EC501B2DDC52}.Debug|Any CPU.ActiveCfg = Debug|Any CPU
		{F7609330-E97E-422C-8983-EC501B2DDC52}.Debug|Any CPU.Build.0 = Debug|Any CPU
		{F7609330-E97E-422C-8983-EC501B2DDC52}.Release|Any CPU.ActiveCfg = Release|Any CPU
		{F7609330-E97E-422C-8983-EC501B2DDC52}.Release|Any CPU.Build.0 = Release|Any CPU
		{D04A01C0-EF1B-49B2-B6AB-8AC635566E6A}.Debug|Any CPU.ActiveCfg = Debug|Any CPU
		{D04A01C0-EF1B-49B2-B6AB-8AC635566E6A}.Debug|Any CPU.Build.0 = Debug|Any CPU
		{D04A01C0-EF1B-49B2-B6AB-8AC635566E6A}.Release|Any CPU.ActiveCfg = Release|Any CPU
		{D04A01C0-EF1B-49B2-B6AB-8AC635566E6A}.Release|Any CPU.Build.0 = Release|Any CPU
		{20FFF62D-5BA5-4126-A16C-C14E1FF35A4F}.Debug|Any CPU.ActiveCfg = Debug|Any CPU
		{20FFF62D-5BA5-4126-A16C-C14E1FF35A4F}.Debug|Any CPU.Build.0 = Debug|Any CPU
		{20FFF62D-5BA5-4126-A16C-C14E1FF35A4F}.Release|Any CPU.ActiveCfg = Release|Any CPU
		{20FFF62D-5BA5-4126-A16C-C14E1FF35A4F}.Release|Any CPU.Build.0 = Release|Any CPU
		{40CB6452-68DD-4C78-9852-78281A161950}.Debug|Any CPU.ActiveCfg = Debug|Any CPU
		{40CB6452-68DD-4C78-9852-78281A161950}.Debug|Any CPU.Build.0 = Debug|Any CPU
		{40CB6452-68DD-4C78-9852-78281A161950}.Release|Any CPU.ActiveCfg = Release|Any CPU
		{40CB6452-68DD-4C78-9852-78281A161950}.Release|Any CPU.Build.0 = Release|Any CPU
		{CFE7C192-2561-40CC-8592-136293451EC1}.Debug|Any CPU.ActiveCfg = Debug|Any CPU
		{CFE7C192-2561-40CC-8592-136293451EC1}.Debug|Any CPU.Build.0 = Debug|Any CPU
		{CFE7C192-2561-40CC-8592-136293451EC1}.Release|Any CPU.ActiveCfg = Release|Any CPU
		{CFE7C192-2561-40CC-8592-136293451EC1}.Release|Any CPU.Build.0 = Release|Any CPU
		{93FA6DD6-D0B2-4751-8680-3F959E1F7AF2}.Debug|Any CPU.ActiveCfg = Debug|Any CPU
		{93FA6DD6-D0B2-4751-8680-3F959E1F7AF2}.Debug|Any CPU.Build.0 = Debug|Any CPU
		{93FA6DD6-D0B2-4751-8680-3F959E1F7AF2}.Release|Any CPU.ActiveCfg = Release|Any CPU
		{93FA6DD6-D0B2-4751-8680-3F959E1F7AF2}.Release|Any CPU.Build.0 = Release|Any CPU
		{8F2185AB-F87C-4DD0-9DB8-E97920500A37}.Debug|Any CPU.ActiveCfg = Debug|Any CPU
		{8F2185AB-F87C-4DD0-9DB8-E97920500A37}.Debug|Any CPU.Build.0 = Debug|Any CPU
		{8F2185AB-F87C-4DD0-9DB8-E97920500A37}.Release|Any CPU.ActiveCfg = Release|Any CPU
		{8F2185AB-F87C-4DD0-9DB8-E97920500A37}.Release|Any CPU.Build.0 = Release|Any CPU
		{6577B501-E295-4DCE-B640-BF40C9881A00}.Debug|Any CPU.ActiveCfg = Debug|Any CPU
		{6577B501-E295-4DCE-B640-BF40C9881A00}.Debug|Any CPU.Build.0 = Debug|Any CPU
		{6577B501-E295-4DCE-B640-BF40C9881A00}.Release|Any CPU.ActiveCfg = Release|Any CPU
		{6577B501-E295-4DCE-B640-BF40C9881A00}.Release|Any CPU.Build.0 = Release|Any CPU
		{969625B8-039F-4E5E-A484-6A30DC417FBB}.Debug|Any CPU.ActiveCfg = Debug|Any CPU
		{969625B8-039F-4E5E-A484-6A30DC417FBB}.Debug|Any CPU.Build.0 = Debug|Any CPU
		{969625B8-039F-4E5E-A484-6A30DC417FBB}.Release|Any CPU.ActiveCfg = Release|Any CPU
		{969625B8-039F-4E5E-A484-6A30DC417FBB}.Release|Any CPU.Build.0 = Release|Any CPU
		{F25BC232-6161-4D45-8AFF-E92A52F0F85A}.Debug|Any CPU.ActiveCfg = Debug|Any CPU
		{F25BC232-6161-4D45-8AFF-E92A52F0F85A}.Debug|Any CPU.Build.0 = Debug|Any CPU
		{F25BC232-6161-4D45-8AFF-E92A52F0F85A}.Release|Any CPU.ActiveCfg = Release|Any CPU
		{F25BC232-6161-4D45-8AFF-E92A52F0F85A}.Release|Any CPU.Build.0 = Release|Any CPU
		{9D078C9B-42A3-4558-898A-2396F59A54D3}.Debug|Any CPU.ActiveCfg = Debug|Any CPU
		{9D078C9B-42A3-4558-898A-2396F59A54D3}.Debug|Any CPU.Build.0 = Debug|Any CPU
		{9D078C9B-42A3-4558-898A-2396F59A54D3}.Release|Any CPU.ActiveCfg = Release|Any CPU
		{9D078C9B-42A3-4558-898A-2396F59A54D3}.Release|Any CPU.Build.0 = Release|Any CPU
		{E3877E49-958E-4DC8-B5E8-834010F5C4B7}.Debug|Any CPU.ActiveCfg = Debug|Any CPU
		{E3877E49-958E-4DC8-B5E8-834010F5C4B7}.Debug|Any CPU.Build.0 = Debug|Any CPU
		{E3877E49-958E-4DC8-B5E8-834010F5C4B7}.Release|Any CPU.ActiveCfg = Release|Any CPU
		{E3877E49-958E-4DC8-B5E8-834010F5C4B7}.Release|Any CPU.Build.0 = Release|Any CPU
		{A6AE31A1-4F60-47B0-8534-7B083D68118C}.Debug|Any CPU.ActiveCfg = Debug|Any CPU
		{A6AE31A1-4F60-47B0-8534-7B083D68118C}.Debug|Any CPU.Build.0 = Debug|Any CPU
		{A6AE31A1-4F60-47B0-8534-7B083D68118C}.Release|Any CPU.ActiveCfg = Release|Any CPU
		{A6AE31A1-4F60-47B0-8534-7B083D68118C}.Release|Any CPU.Build.0 = Release|Any CPU
		{4A539320-EB49-4688-82E1-4FA0ADBB3810}.Debug|Any CPU.ActiveCfg = Debug|Any CPU
		{4A539320-EB49-4688-82E1-4FA0ADBB3810}.Debug|Any CPU.Build.0 = Debug|Any CPU
		{4A539320-EB49-4688-82E1-4FA0ADBB3810}.Release|Any CPU.ActiveCfg = Release|Any CPU
		{4A539320-EB49-4688-82E1-4FA0ADBB3810}.Release|Any CPU.Build.0 = Release|Any CPU
		{A46B0BE1-03F2-4520-A3DA-FD845BA1FD69}.Debug|Any CPU.ActiveCfg = Debug|Any CPU
		{A46B0BE1-03F2-4520-A3DA-FD845BA1FD69}.Debug|Any CPU.Build.0 = Debug|Any CPU
		{A46B0BE1-03F2-4520-A3DA-FD845BA1FD69}.Release|Any CPU.ActiveCfg = Release|Any CPU
		{A46B0BE1-03F2-4520-A3DA-FD845BA1FD69}.Release|Any CPU.Build.0 = Release|Any CPU
		{B9BE1099-F78F-4A5F-A897-BF2C75E19C57}.Debug|Any CPU.ActiveCfg = Debug|Any CPU
		{B9BE1099-F78F-4A5F-A897-BF2C75E19C57}.Debug|Any CPU.Build.0 = Debug|Any CPU
		{B9BE1099-F78F-4A5F-A897-BF2C75E19C57}.Release|Any CPU.ActiveCfg = Release|Any CPU
		{B9BE1099-F78F-4A5F-A897-BF2C75E19C57}.Release|Any CPU.Build.0 = Release|Any CPU
		{2E10420F-BF96-411C-8FE0-F6268F2EEB67}.Debug|Any CPU.ActiveCfg = Debug|Any CPU
		{2E10420F-BF96-411C-8FE0-F6268F2EEB67}.Debug|Any CPU.Build.0 = Debug|Any CPU
		{2E10420F-BF96-411C-8FE0-F6268F2EEB67}.Release|Any CPU.ActiveCfg = Release|Any CPU
		{2E10420F-BF96-411C-8FE0-F6268F2EEB67}.Release|Any CPU.Build.0 = Release|Any CPU
		{43877864-6AE8-4B03-BEDA-6B6FA8BB1D8B}.Debug|Any CPU.ActiveCfg = Debug|Any CPU
		{43877864-6AE8-4B03-BEDA-6B6FA8BB1D8B}.Debug|Any CPU.Build.0 = Debug|Any CPU
		{43877864-6AE8-4B03-BEDA-6B6FA8BB1D8B}.Release|Any CPU.ActiveCfg = Release|Any CPU
		{43877864-6AE8-4B03-BEDA-6B6FA8BB1D8B}.Release|Any CPU.Build.0 = Release|Any CPU
		{A0C81A29-715F-463E-A243-7E45DB8AE53F}.Debug|Any CPU.ActiveCfg = Debug|Any CPU
		{A0C81A29-715F-463E-A243-7E45DB8AE53F}.Debug|Any CPU.Build.0 = Debug|Any CPU
		{A0C81A29-715F-463E-A243-7E45DB8AE53F}.Release|Any CPU.ActiveCfg = Release|Any CPU
		{A0C81A29-715F-463E-A243-7E45DB8AE53F}.Release|Any CPU.Build.0 = Release|Any CPU
		{5A14582B-C6D0-459E-BBB8-EA46CE8DC52E}.Debug|Any CPU.ActiveCfg = Debug|Any CPU
		{5A14582B-C6D0-459E-BBB8-EA46CE8DC52E}.Debug|Any CPU.Build.0 = Debug|Any CPU
		{5A14582B-C6D0-459E-BBB8-EA46CE8DC52E}.Release|Any CPU.ActiveCfg = Release|Any CPU
		{5A14582B-C6D0-459E-BBB8-EA46CE8DC52E}.Release|Any CPU.Build.0 = Release|Any CPU
		{6547D51D-FD65-48C1-A923-FD638A1E66DB}.Debug|Any CPU.ActiveCfg = Debug|Any CPU
		{6547D51D-FD65-48C1-A923-FD638A1E66DB}.Debug|Any CPU.Build.0 = Debug|Any CPU
		{6547D51D-FD65-48C1-A923-FD638A1E66DB}.Release|Any CPU.ActiveCfg = Release|Any CPU
		{6547D51D-FD65-48C1-A923-FD638A1E66DB}.Release|Any CPU.Build.0 = Release|Any CPU
		{4C600DB1-BA85-4FF9-8F03-128444636631}.Debug|Any CPU.ActiveCfg = Debug|Any CPU
		{4C600DB1-BA85-4FF9-8F03-128444636631}.Debug|Any CPU.Build.0 = Debug|Any CPU
		{4C600DB1-BA85-4FF9-8F03-128444636631}.Release|Any CPU.ActiveCfg = Release|Any CPU
		{4C600DB1-BA85-4FF9-8F03-128444636631}.Release|Any CPU.Build.0 = Release|Any CPU
	EndGlobalSection
	GlobalSection(SolutionProperties) = preSolution
		HideSolutionNode = FALSE
	EndGlobalSection
	GlobalSection(NestedProjects) = preSolution
		{C93FCED9-808A-4B03-9B4C-0DBAE46D5BDD} = {0A43C65C-6007-4BB4-B3FE-8D439FC91841}
		{CA1D9162-D4C5-490D-AAD5-7A9A23092C28} = {0A43C65C-6007-4BB4-B3FE-8D439FC91841}
		{2C4D5F14-CCFC-4913-B884-B2FF9067BEFF} = {0A43C65C-6007-4BB4-B3FE-8D439FC91841}
		{B8976338-7CDC-47AE-8502-C2FBAFBEBD68} = {6EF76FD8-4C35-4370-8539-5DDF45357A50}
		{48E79819-1E9E-4075-90DA-BAEC761C89B2} = {B8976338-7CDC-47AE-8502-C2FBAFBEBD68}
		{8A9FA587-7EBA-4D43-BE47-38D798B1C74C} = {87DEAE8D-138C-4FDD-B4C9-11C3A7817E8F}
		{27910ADC-5A28-4EB4-A16E-974B91940758} = {87DEAE8D-138C-4FDD-B4C9-11C3A7817E8F}
		{1071A8B6-ED76-4E46-A291-E0563B9C4575} = {87DEAE8D-138C-4FDD-B4C9-11C3A7817E8F}
		{F7609330-E97E-422C-8983-EC501B2DDC52} = {371BB479-AA1C-41CB-BF07-24C363601289}
		{D04A01C0-EF1B-49B2-B6AB-8AC635566E6A} = {371BB479-AA1C-41CB-BF07-24C363601289}
		
		{20FFF62D-5BA5-4126-A16C-C14E1FF35A4F} = {155DA079-E267-49AF-973A-D1D44681970F}
		{40CB6452-68DD-4C78-9852-78281A161950} = {155DA079-E267-49AF-973A-D1D44681970F}
		{CFE7C192-2561-40CC-8592-136293451EC1} = {155DA079-E267-49AF-973A-D1D44681970F}
		{93FA6DD6-D0B2-4751-8680-3F959E1F7AF2} = {155DA079-E267-49AF-973A-D1D44681970F}
		{8F2185AB-F87C-4DD0-9DB8-E97920500A37} = {155DA079-E267-49AF-973A-D1D44681970F}
		{6577B501-E295-4DCE-B640-BF40C9881A00} = {155DA079-E267-49AF-973A-D1D44681970F}
		{969625B8-039F-4E5E-A484-6A30DC417FBB} = {155DA079-E267-49AF-973A-D1D44681970F}
		{F25BC232-6161-4D45-8AFF-E92A52F0F85A} = {155DA079-E267-49AF-973A-D1D44681970F}
		{9D078C9B-42A3-4558-898A-2396F59A54D3} = {155DA079-E267-49AF-973A-D1D44681970F}
		{E3877E49-958E-4DC8-B5E8-834010F5C4B7} = {155DA079-E267-49AF-973A-D1D44681970F}
		{A6AE31A1-4F60-47B0-8534-7B083D68118C} = {155DA079-E267-49AF-973A-D1D44681970F}
		{4A539320-EB49-4688-82E1-4FA0ADBB3810} = {155DA079-E267-49AF-973A-D1D44681970F}
		
		{B488168B-AD86-4CC5-9D89-324B6EB743D9} = {6EF76FD8-4C35-4370-8539-5DDF45357A50}
		{C2D3A947-B6F9-4306-BD42-21D8D1F42750} = {B488168B-AD86-4CC5-9D89-324B6EB743D9}
		{A46B0BE1-03F2-4520-A3DA-FD845BA1FD69} = {87DEAE8D-138C-4FDD-B4C9-11C3A7817E8F}
		
		{B9BE1099-F78F-4A5F-A897-BF2C75E19C57} = {155DA079-E267-49AF-973A-D1D44681970F}
		{2E10420F-BF96-411C-8FE0-F6268F2EEB67} = {155DA079-E267-49AF-973A-D1D44681970F}
		{43877864-6AE8-4B03-BEDA-6B6FA8BB1D8B} = {155DA079-E267-49AF-973A-D1D44681970F}
		
		
		{A0C81A29-715F-463E-A243-7E45DB8AE53F} = {155DA079-E267-49AF-973A-D1D44681970F}
		
		{5A14582B-C6D0-459E-BBB8-EA46CE8DC52E} = {155DA079-E267-49AF-973A-D1D44681970F}
		{6547D51D-FD65-48C1-A923-FD638A1E66DB} = {87DEAE8D-138C-4FDD-B4C9-11C3A7817E8F}
	EndGlobalSection
	GlobalSection(ExtensibilityGlobals) = postSolution
		SolutionGuid = {CC136C62-115C-41D1-B414-F9473EFF6EA8}
	EndGlobalSection
EndGlobal
